{
  "lockfileVersion": 1,
  "workspaces": {
    "": {
      "name": "uglier",
      "dependencies": {
        "@prettier/plugin-xml": "^3.4.1",
        "bun": "^1.2.5",
        "prettier": "^3.5.3",
        "prettier-plugin-java": "^2.6.7",
        "prettier-plugin-properties": "^0.3.0",
        "prettier-plugin-sh": "^0.15.0",
      },
      "devDependencies": {
        "@types/bun": "^1.2.5",
        "@types/node": "^22.13.10",
        "ncc": "latest",
      },
    },
  },
  "packages": {
    "@chevrotain/cst-dts-gen": ["@chevrotain/cst-dts-gen@11.0.3", "", { "dependencies": { "@chevrotain/gast": "11.0.3", "@chevrotain/types": "11.0.3", "lodash-es": "4.17.21" } }, "sha512-BvIKpRLeS/8UbfxXxgC33xOumsacaeCKAjAeLyOn7Pcp95HiRbrpl14S+9vaZLolnbssPIUuiUd8IvgkRyt6NQ=="],

    "@chevrotain/gast": ["@chevrotain/gast@11.0.3", "", { "dependencies": { "@chevrotain/types": "11.0.3", "lodash-es": "4.17.21" } }, "sha512-+qNfcoNk70PyS/uxmj3li5NiECO+2YKZZQMbmjTqRI3Qchu8Hig/Q9vgkHpI3alNjr7M+a2St5pw5w5F6NL5/Q=="],

    "@chevrotain/regexp-to-ast": ["@chevrotain/regexp-to-ast@11.0.3", "", {}, "sha512-1fMHaBZxLFvWI067AVbGJav1eRY7N8DDvYCTwGBiE/ytKBgP8azTdgyrKyWZ9Mfh09eHWb5PgTSO8wi7U824RA=="],

    "@chevrotain/types": ["@chevrotain/types@11.0.3", "", {}, "sha512-gsiM3G8b58kZC2HaWR50gu6Y1440cHiJ+i3JUvcp/35JchYejb2+5MVeJK0iKThYpAa/P2PYFV4hoi44HD+aHQ=="],

    "@chevrotain/utils": ["@chevrotain/utils@11.0.3", "", {}, "sha512-YslZMgtJUyuMbZ+aKvfF3x1f5liK4mWNxghFRv7jqRR9C3R3fAOGTTKvxXDa2Y1s9zSbcpuO0cAxDYsc9SrXoQ=="],

    "@oven/bun-darwin-aarch64": ["@oven/bun-darwin-aarch64@1.2.9", "", { "os": "darwin", "cpu": "arm64" }, "sha512-A190s6twmzNE6KGVoUxEDQaSebXUY0bTYXUwnAqTWpE/LxkkDZ7VLhDKxe0nqiDOWStSTTXpfZcFp5T2D6c8iQ=="],

    "@oven/bun-darwin-x64": ["@oven/bun-darwin-x64@1.2.9", "", { "os": "darwin", "cpu": "x64" }, "sha512-s3unmXAPwhaZYpPWoiHb5X6Kxgl7sehf8AB+VQFr85WCaOZoqZhsFl4GzC9G06cdt8pBLxo6l5lI9bi4YmRFBw=="],

    "@oven/bun-darwin-x64-baseline": ["@oven/bun-darwin-x64-baseline@1.2.9", "", { "os": "darwin", "cpu": "x64" }, "sha512-iCqYZJ1lLlAirNoidH/nAx8Rg8WXoUs/8BjkMaCfjJG99YXSU00LH39MuxJQDRKlgKnd7IWQNJAluPuuB7j1Tw=="],

    "@oven/bun-linux-aarch64": ["@oven/bun-linux-aarch64@1.2.9", "", { "os": "linux", "cpu": "arm64" }, "sha512-tyf8g3H+/CLyItST7/UKkLpRawViaBwroOAOVo0KB4fK+d8WZTDZdHJK9reifs7wwOWhgNrARakPV3d7Sj01HQ=="],

    "@oven/bun-linux-aarch64-musl": ["@oven/bun-linux-aarch64-musl@1.2.9", "", { "os": "linux", "cpu": "none" }, "sha512-IUA/5zR0FqWF6vwg7Ad9gFRbuu/uqGtoNyuq+mcfxZI1HhG0LKWVciuyXe0rpQ9Eno0YkEjcr2z271NTDyeNWg=="],

    "@oven/bun-linux-x64": ["@oven/bun-linux-x64@1.2.9", "", { "os": "linux", "cpu": "x64" }, "sha512-FoTJmItasGca/GDpwsBPTCbzxGngSgtbXxuV8JjQYDr4YeoRGt6Upc3FH7UV9uBBwxRRYb9sdvyqge1u+Pf/rQ=="],

    "@oven/bun-linux-x64-baseline": ["@oven/bun-linux-x64-baseline@1.2.9", "", { "os": "linux", "cpu": "x64" }, "sha512-OSa6e8fCgNO8AtM6OL2Tgav+/DiJ5aRuzvAy4lLWQWkmGuzbCqLz/+nJqRrpfL6ALAFDg66ucx8GMa0w2bL4+g=="],

    "@oven/bun-linux-x64-musl": ["@oven/bun-linux-x64-musl@1.2.9", "", { "os": "linux", "cpu": "x64" }, "sha512-xvoKSGzBCeTwNkLnkKlAv1xDw+HCACrUctMXx0eyWr0in/hcsG10QIfeCqec32xdunPLtOPSHv2H1CHO10LB0A=="],

    "@oven/bun-linux-x64-musl-baseline": ["@oven/bun-linux-x64-musl-baseline@1.2.9", "", { "os": "linux", "cpu": "x64" }, "sha512-/ZEVcz3RQIazmT9825t9+/rckUOz8vSosq4FylE4JCWmTJtQWnrbCYbC7VwdO8XLcf8iFuCM+o0pXkMKch/4iw=="],

    "@oven/bun-windows-x64": ["@oven/bun-windows-x64@1.2.9", "", { "os": "win32", "cpu": "x64" }, "sha512-jAcIc+NBBzw0VQc+mx/Xwqiv3aubGiXMakYUcr40HpTiuokVn0Kl/U4SKt0IQ12l1wxBpfd6nIwKaXH6Yb3p8w=="],

    "@oven/bun-windows-x64-baseline": ["@oven/bun-windows-x64-baseline@1.2.9", "", { "os": "win32", "cpu": "x64" }, "sha512-PhcIgGkcJwylH5MgRidgnMfIELT7a7ikOIbjFkkMTVetm3K1j4U1K2aH9paBrWVs6K57088E2CItCM0rvQd1QQ=="],

    "@prettier/plugin-xml": ["@prettier/plugin-xml@3.4.1", "", { "dependencies": { "@xml-tools/parser": "^1.0.11" }, "peerDependencies": { "prettier": "^3.0.0" } }, "sha512-Uf/6/+9ez6z/IvZErgobZ2G9n1ybxF5BhCd7eMcKqfoWuOzzNUxBipNo3QAP8kRC1VD18TIo84no7LhqtyDcTg=="],

    "@types/bun": ["@types/bun@1.2.9", "", { "dependencies": { "bun-types": "1.2.9" } }, "sha512-epShhLGQYc4Bv/aceHbmBhOz1XgUnuTZgcxjxk+WXwNyDXavv5QHD1QEFV0FwbTSQtNq6g4ZcV6y0vZakTjswg=="],

    "@types/node": ["@types/node@22.14.1", "", { "dependencies": { "undici-types": "~6.21.0" } }, "sha512-u0HuPQwe/dHrItgHHpmw3N2fYCR6x4ivMNbPHRkBVP4CvN+kiRrKHWk3i8tXiO/joPwXLMYvF9TTF0eqgHIuOw=="],

    "@types/ws": ["@types/ws@8.5.14", "", { "dependencies": { "@types/node": "*" } }, "sha512-bd/YFLW+URhBzMXurx7lWByOu+xzU9+kb3RboOteXYDfW+tr+JZa99OyNmPINEGB/ahzKrEuc8rcv4gnpJmxTw=="],

    "@xml-tools/parser": ["@xml-tools/parser@1.0.11", "", { "dependencies": { "chevrotain": "7.1.1" } }, "sha512-aKqQ077XnR+oQtHJlrAflaZaL7qZsulWc/i/ZEooar5JiWj1eLt0+Wg28cpa+XLney107wXqneC+oG1IZvxkTA=="],

    "balanced-match": ["balanced-match@1.0.2", "", {}, "sha512-3oSeUO0TMV67hN1AmbXsK4yaqU7tjiHlbxRDZOpH0KW9+CeX4bRAaX0Anxt0tx2MrpRpWwQaPwIlISEJhYU5Pw=="],

    "brace-expansion": ["brace-expansion@1.1.11", "", { "dependencies": { "balanced-match": "^1.0.0", "concat-map": "0.0.1" } }, "sha512-iCuPHDFgrHX7H2vEI/5xpz07zSHB00TpugqhmYtVmMO6518mCuRMoOYFldEBl0g187ufozdaHgWKcYFb61qGiA=="],

    "bun": ["bun@1.2.9", "", { "optionalDependencies": { "@oven/bun-darwin-aarch64": "1.2.9", "@oven/bun-darwin-x64": "1.2.9", "@oven/bun-darwin-x64-baseline": "1.2.9", "@oven/bun-linux-aarch64": "1.2.9", "@oven/bun-linux-aarch64-musl": "1.2.9", "@oven/bun-linux-x64": "1.2.9", "@oven/bun-linux-x64-baseline": "1.2.9", "@oven/bun-linux-x64-musl": "1.2.9", "@oven/bun-linux-x64-musl-baseline": "1.2.9", "@oven/bun-windows-x64": "1.2.9", "@oven/bun-windows-x64-baseline": "1.2.9" }, "os": [ "linux", "win32", "darwin", ], "cpu": [ "x64", "arm64", ], "bin": { "bun": "bin/bun.exe", "bunx": "bin/bun.exe" } }, "sha512-4l1MnbCk2aEDeyJPs8+St6XsVPwkQvq7XTHG501e7pdFOWvWCy9shfxsHtBwYzmT82gdvx9//AL4qStYfYMO4Q=="],

    "bun-types": ["bun-types@1.2.9", "", { "dependencies": { "@types/node": "*", "@types/ws": "*" } }, "sha512-dk/kOEfQbajENN/D6FyiSgOKEuUi9PWfqKQJEgwKrCMWbjS/S6tEXp178mWvWAcUSYm9ArDlWHZKO3T/4cLXiw=="],

    "chevrotain": ["chevrotain@7.1.1", "", { "dependencies": { "regexp-to-ast": "0.5.0" } }, "sha512-wy3mC1x4ye+O+QkEinVJkPf5u2vsrDIYW9G7ZuwFl6v/Yu0LwUuT2POsb+NUWApebyxfkQq6+yDfRExbnI5rcw=="],

    "chevrotain-allstar": ["chevrotain-allstar@0.3.1", "", { "dependencies": { "lodash-es": "^4.17.21" }, "peerDependencies": { "chevrotain": "^11.0.0" } }, "sha512-b7g+y9A0v4mxCW1qUhf3BSVPg+/NvGErk/dOkrDaHA0nQIQGAtrOjlX//9OQtRlSCy+x9rfB5N8yC71lH1nvMw=="],

    "colors": ["colors@1.2.3", "", {}, "sha512-qTfM2pNFeMZcLvf/RbrVAzDEVttZjFhaApfx9dplNjvHSX88Ui66zBRb/4YGob/xUWxDceirgoC1lT676asfCQ=="],

    "concat-map": ["concat-map@0.0.1", "", {}, "sha512-/Srv4dswyQNBfohGpz9o6Yb3Gz3SrUDqBH5rTuhGR7ahtlbYKnVxw2bCFMRljaA7EXHaXZ8wsHdodFvbkhKmqg=="],

    "dateformat": ["dateformat@3.0.3", "", {}, "sha512-jyCETtSl3VMZMWeRo7iY1FL19ges1t55hMo5yaam4Jrsm5EPL89UQkoQRyiI+Yf4k8r2ZpdngkV8hr1lIdjb3Q=="],

    "dot-properties": ["dot-properties@1.1.0", "", {}, "sha512-uyyuVNX+wq1lTrmLO9iJJAX/vpJ57uppiXQpsd4j1y6NAtHkhCROA4si4mTZMTRshCbcLC1+EMXWZV2MPHUl9A=="],

    "fs.realpath": ["fs.realpath@1.0.0", "", {}, "sha512-OO0pH2lK6a0hZnAdau5ItzHPI6pUlvI7jMVnxUQRtw4owF2wk8lOSabtGDCTP4Ggrg2MbGnWO9X8K1t4+fGMDw=="],

    "glob": ["glob@7.2.3", "", { "dependencies": { "fs.realpath": "^1.0.0", "inflight": "^1.0.4", "inherits": "2", "minimatch": "^3.1.1", "once": "^1.3.0", "path-is-absolute": "^1.0.0" } }, "sha512-nFR0zLpU2YCaRxwoCJvL6UvCH2JFyFVIvwTLsIf21AuHlMskA1hhTdk+LlYJtOlYt9v6dvszD2BGRqBL+iQK9Q=="],

    "inflight": ["inflight@1.0.6", "", { "dependencies": { "once": "^1.3.0", "wrappy": "1" } }, "sha512-k92I/b08q4wvFscXCLvqfsHCrjrF7yiXsQuIVvVE7N82W3+aqpzuUdBbfhWcy/FZR3/4IgflMgKLOsvPDrGCJA=="],

    "inherits": ["inherits@2.0.4", "", {}, "sha512-k/vGaX4/Yla3WzyMCvTQOXYeIHvqOKtnqBduzTHpzpQZzAskKMhZ2K+EnBiSM9zGSoIFeMpXKxa4dYeZIQqewQ=="],

    "java-parser": ["java-parser@2.3.3", "", { "dependencies": { "chevrotain": "11.0.3", "chevrotain-allstar": "0.3.1", "lodash": "4.17.21" } }, "sha512-9YY8OGlNGfq5TDDq2SBjtIEHMVLeV8vSSZrXDaQBhQ84hi1zc3/+5l3DF3wW8JGqQT2kNVha05dziSamvN8M/g=="],

    "lodash": ["lodash@4.17.21", "", {}, "sha512-v2kDEe57lecTulaDIuNTPy3Ry4gLGJ6Z1O3vE1krgXZNrsQ+LFTGHVxVjcXPs17LhbZVGedAJv8XZ1tvj5FvSg=="],

    "lodash-es": ["lodash-es@4.17.21", "", {}, "sha512-mKnC+QJ9pWVzv+C4/U3rRsHapFfHvQFoFB92e52xeyGMcX6/OlIl78je1u8vePzYZSkkogMPJ2yjxxsb89cxyw=="],

    "minimatch": ["minimatch@3.1.2", "", { "dependencies": { "brace-expansion": "^1.1.7" } }, "sha512-J7p63hRiAjw1NDEww1W7i37+ByIrOWO5XQQAzZ3VOcL0PNybwpfmV/N05zFAzwQ9USyEcX6t3UO+K5aqBQOIHw=="],

    "minimist": ["minimist@1.2.8", "", {}, "sha512-2yyAR8qBkN3YuheJanUpWC5U3bb5osDywNB8RzDVlDwDHbocAJveqqj1u8+SVD7jkWT4yvsHCpWqqWqAxb0zCA=="],

    "mkdirp": ["mkdirp@0.5.6", "", { "dependencies": { "minimist": "^1.2.6" }, "bin": { "mkdirp": "bin/cmd.js" } }, "sha512-FP+p8RB8OWpF3YZBCrP5gtADmtXApB5AMLn+vdyA+PyxCjrCs00mjyUozssO33cwDeT3wNGdLxJ5M//YqtHAJw=="],

    "mvdan-sh": ["mvdan-sh@0.10.1", "", {}, "sha512-kMbrH0EObaKmK3nVRKUIIya1dpASHIEusM13S4V1ViHFuxuNxCo+arxoa6j/dbV22YBGjl7UKJm9QQKJ2Crzhg=="],

    "ncc": ["ncc@0.3.6", "", { "dependencies": { "mkdirp": "^0.5.1", "rimraf": "^2.6.1", "tracer": "^0.8.7", "ws": "^2.3.1" } }, "sha512-OXudTB2Ebt/FnOuDoPQbaa17+tdVqSOWA+gLfPxccWwsNED1uA2zEhpoB1hwdFC9yYbio/mdV5cvOtQI3Zrx1w=="],

    "once": ["once@1.4.0", "", { "dependencies": { "wrappy": "1" } }, "sha512-lNaJgI+2Q5URQBkccEKHTQOPaXdUxnZZElQTZY0MFUAuaEqe1E+Nyvgdz/aIyNi6Z9MzO5dv1H8n58/GELp3+w=="],

    "path-is-absolute": ["path-is-absolute@1.0.1", "", {}, "sha512-AVbw3UJ2e9bq64vSaS9Am0fje1Pa8pbGqTTsmXfaIiMpnr5DlDhfJOuLj9Sf95ZPVDAUerDfEk88MPmPe7UCQg=="],

    "prettier": ["prettier@3.5.3", "", { "bin": "bin/prettier.cjs" }, "sha512-QQtaxnoDJeAkDvDKWCLiwIXkTgRhwYDEQCghU9Z6q03iyek/rxRh/2lC3HB7P8sWT2xC/y5JDctPLBIGzHKbhw=="],

    "prettier-plugin-java": ["prettier-plugin-java@2.6.7", "", { "dependencies": { "java-parser": "2.3.3", "lodash": "4.17.21" }, "peerDependencies": { "prettier": "^3.0.0" } }, "sha512-AVm+X7fhAZpYKiUCdUIGZ8HJbkGkTUgYQIKVuCQEplcqpGw2ewVnNGcPb1Kc3+MYMfiEqzhd8ZYhMGVHw6tZdQ=="],

    "prettier-plugin-properties": ["prettier-plugin-properties@0.3.0", "", { "dependencies": { "dot-properties": "^1.0.0" }, "peerDependencies": { "prettier": ">= 2.3.0" } }, "sha512-j2h4NbG6hIaRx0W7CDPUH+yDbzXHmI2urPC1EC8pYrsS5R5AYgAmcSDN0oea+C5mBiN6BK0AkiSKPj0RC17NDQ=="],

    "prettier-plugin-sh": ["prettier-plugin-sh@0.15.0", "", { "dependencies": { "mvdan-sh": "^0.10.1", "sh-syntax": "^0.4.2" }, "peerDependencies": { "prettier": "^3.0.3" } }, "sha512-U0PikJr/yr2bzzARl43qI0mApBj0C1xdAfA04AZa6LnvIKawXHhuy2fFo6LNA7weRzGlAiNbaEFfKMFo0nZr/A=="],

    "regexp-to-ast": ["regexp-to-ast@0.5.0", "", {}, "sha512-tlbJqcMHnPKI9zSrystikWKwHkBqu2a/Sgw01h3zFjvYrMxEDYHzzoMZnUrbIfpTFEsoRnnviOXNCzFiSc54Qw=="],

    "rimraf": ["rimraf@2.7.1", "", { "dependencies": { "glob": "^7.1.3" }, "bin": { "rimraf": "./bin.js" } }, "sha512-uWjbaKIK3T1OSVptzX7Nl6PvQ3qAGtKEtVRjRuazjfL3Bx5eI409VZSqgND+4UNnmzLVdPj9FqFJNPqBZFve4w=="],

    "safe-buffer": ["safe-buffer@5.0.1", "", {}, "sha512-cr7dZWLwOeaFBLTIuZeYdkfO7UzGIKhjYENJFAxUOMKWGaWDm2nJM2rzxNRm5Owu0DH3ApwNo6kx5idXZfb/Iw=="],

    "sh-syntax": ["sh-syntax@0.4.2", "", { "dependencies": { "tslib": "^2.6.2" } }, "sha512-/l2UZ5fhGZLVZa16XQM9/Vq/hezGGbdHeVEA01uWjOL1+7Ek/gt6FquW0iKKws4a9AYPYvlz6RyVvjh3JxOteg=="],

    "tinytim": ["tinytim@0.1.1", "", {}, "sha512-NIpsp9lBIxPNzB++HnMmUd4byzJSVbbO4F+As1Gb1IG/YQT5QvmBDjpx8SpDS8fhGC+t+Qw8ldQgbcAIaU+2cA=="],

    "tracer": ["tracer@0.8.15", "", { "dependencies": { "colors": "1.2.3", "dateformat": "3.0.3", "mkdirp": "^0.5.1", "tinytim": "0.1.1" } }, "sha512-ZQzlhd6zZFIpAhACiZkxLjl65XqVwi8t8UEBVGRIHAQN6nj55ftJWiFell+WSqWCP/vEycrIbUSuiyMwul+TFw=="],

    "tslib": ["tslib@2.8.1", "", {}, "sha512-oJFu94HQb+KVduSUQL7wnpmqnfmLsOA/nAh6b6EH0wCEoK0/mPeXU6c3wKDV83MkOuHPRHtSXKKU99IBazS/2w=="],

    "ultron": ["ultron@1.1.1", "", {}, "sha512-UIEXBNeYmKptWH6z8ZnqTeS8fV74zG0/eRU9VGkpzz+LIJNs8W/zM/L+7ctCkRrgbNnnR0xxw4bKOr0cW0N0Og=="],

    "undici-types": ["undici-types@6.21.0", "", {}, "sha512-iwDZqg0QAGrg9Rav5H4n0M64c3mkR59cJ6wQp+7C4nI0gsmExaedaYLNO44eT4AtBBwjbTiGPMlt2Md0T9H9JQ=="],

    "wrappy": ["wrappy@1.0.2", "", {}, "sha512-l4Sp/DRseor9wL6EvV2+TuQn63dMkPjZ/sp9XkghTEbV9KlPS1xUsZ3u7/IQO4wxtcFB4bgpQPRcR3QCvezPcQ=="],

    "ws": ["ws@2.3.1", "", { "dependencies": { "safe-buffer": "~5.0.1", "ultron": "~1.1.0" } }, "sha512-61a+9LgtYZxTq1hAonhX8Xwpo2riK4IOR/BIVxioFbCfc3QFKmpE4x9dLExfLHKtUfVZigYa36tThVhO57erEw=="],

    "@types/ws/@types/node": ["@types/node@22.13.10", "", { "dependencies": { "undici-types": "~6.20.0" } }, "sha512-I6LPUvlRH+O6VRUqYOcMudhaIdUVWfsjnZavnsraHvpBwaEyMN29ry+0UVJhImYL16xsscu0aske3yA+uPOWfw=="],

    "chevrotain-allstar/chevrotain": ["chevrotain@11.0.3", "", { "dependencies": { "@chevrotain/cst-dts-gen": "11.0.3", "@chevrotain/gast": "11.0.3", "@chevrotain/regexp-to-ast": "11.0.3", "@chevrotain/types": "11.0.3", "@chevrotain/utils": "11.0.3", "lodash-es": "4.17.21" } }, "sha512-ci2iJH6LeIkvP9eJW6gpueU8cnZhv85ELY8w8WiFtNjMHA5ad6pQLaJo9mEly/9qUyCpvqX8/POVUTf18/HFdw=="],

    "java-parser/chevrotain": ["chevrotain@11.0.3", "", { "dependencies": { "@chevrotain/cst-dts-gen": "11.0.3", "@chevrotain/gast": "11.0.3", "@chevrotain/regexp-to-ast": "11.0.3", "@chevrotain/types": "11.0.3", "@chevrotain/utils": "11.0.3", "lodash-es": "4.17.21" } }, "sha512-ci2iJH6LeIkvP9eJW6gpueU8cnZhv85ELY8w8WiFtNjMHA5ad6pQLaJo9mEly/9qUyCpvqX8/POVUTf18/HFdw=="],

    "@types/ws/@types/node/undici-types": ["undici-types@6.20.0", "", {}, "sha512-Ny6QZ2Nju20vw1SRHe3d9jVu6gJ+4e3+MMpqu7pqE5HT6WsTSlce++GQmK5UXS8mzV8DSYHrQH+Xrf2jVcuKNg=="],
  }
}
